
Microsoft Visual Studio Solution File, Format Version 12.00
# Visual Studio Version 16
VisualStudioVersion = 16.0.29911.84
MinimumVisualStudioVersion = 10.0.40219.1
Project("{9A19103F-16F7-4668-BE54-9A1E7A4F7556}") = "Destiny.Core.Flow.API", "src\Destiny.Core.Flow.API\Destiny.Core.Flow.API.csproj", "{FF447721-BFD6-40C6-AE23-D672EC225A00}"
EndProject
Project("{9A19103F-16F7-4668-BE54-9A1E7A4F7556}") = "Destiny.Core.Flow.IServices", "src\Destiny.Core.Flow.IServices\Destiny.Core.Flow.IServices.csproj", "{0FDF7DC0-77FE-4529-8E8C-D17FF03D84A0}"
EndProject
Project("{9A19103F-16F7-4668-BE54-9A1E7A4F7556}") = "Destiny.Core.Flow.Services", "src\Destiny.Core.Flow.Services\Destiny.Core.Flow.Services.csproj", "{89D24E5C-7C65-4150-AB7B-656809CC6011}"
EndProject
Project("{9A19103F-16F7-4668-BE54-9A1E7A4F7556}") = "Destiny.Core.Flow.Model", "src\Destiny.Core.Flow.Model\Destiny.Core.Flow.Model.csproj", "{3350DDC6-02D0-4986-9F13-17B8B94B9456}"
EndProject
Project("{9A19103F-16F7-4668-BE54-9A1E7A4F7556}") = "Destiny.Core.Flow", "src\Destiny.Core.Flow\Destiny.Core.Flow.csproj", "{49FF2838-ED54-48FF-A8C4-C0F91F1EB872}"
EndProject
Project("{9A19103F-16F7-4668-BE54-9A1E7A4F7556}") = "Destiny.Core.Flow.Log4Net", "src\Destiny.Core.Flow.Log4Net\Destiny.Core.Flow.Log4Net.csproj", "{DC68A647-D7C2-4321-BDC7-ED8F65CD6A5C}"
EndProject
Project("{9A19103F-16F7-4668-BE54-9A1E7A4F7556}") = "Destiny.Core.Flow.AutoMapper", "src\Destiny.Core.Flow.AutoMapper\Destiny.Core.Flow.AutoMapper.csproj", "{1BEA2CF0-145B-4B0C-ABDC-A429E40E5890}"
EndProject
Project("{9A19103F-16F7-4668-BE54-9A1E7A4F7556}") = "Destiny.Core.Tests", "Destiny.Core.Tests\Destiny.Core.Tests.csproj", "{57C6446B-F401-402D-9BAD-4CB9302AA344}"
EndProject
Project("{9A19103F-16F7-4668-BE54-9A1E7A4F7556}") = "Destiny.Core.Flow.SeriLog", "src\Destiny.Core.Flow.SeriLog\Destiny.Core.Flow.SeriLog.csproj", "{41EB9B3E-C420-4EFD-86CB-6D292EDF7AEF}"
EndProject
Project("{9A19103F-16F7-4668-BE54-9A1E7A4F7556}") = "Destiny.Core.Flow.Swagger", "src\Destiny.Core.Flow.Swagger\Destiny.Core.Flow.Swagger.csproj", "{6F852563-D024-40F5-93E4-4A84EF87EEA1}"
EndProject
Project("{9A19103F-16F7-4668-BE54-9A1E7A4F7556}") = "Destiny.Core.Flow.AspNetCore", "src\Destiny.Core.Flow.AspNetCore\Destiny.Core.Flow.AspNetCore.csproj", "{2AE8D727-313D-40BE-87CB-5E39ABF33B7D}"
EndProject
Project("{9A19103F-16F7-4668-BE54-9A1E7A4F7556}") = "Destiny.Core.Flow.Identitys", "src\Destiny.Core.Flow.Identity\Destiny.Core.Flow.Identitys.csproj", "{40DA34CA-8A05-40E9-9542-596D6291D3A8}"
EndProject
Project("{9A19103F-16F7-4668-BE54-9A1E7A4F7556}") = "Destiny.Core.Flow.EntityFrameworkCore", "src\Destiny.Core.Flow.EntityFrameworkCore\Destiny.Core.Flow.EntityFrameworkCore.csproj", "{009E18C9-38CE-4CE0-9EA0-D9A1AB38DE86}"
EndProject
Project("{2150E333-8FDC-42A3-9474-1A3956D46DE8}") = "src", "src", "{1249687C-582B-4A3E-8090-2AAF36AA3284}"
EndProject
Project("{2150E333-8FDC-42A3-9474-1A3956D46DE8}") = "test", "test", "{B74CBBDD-8574-4768-AA9D-2144A77D4875}"
EndProject
Project("{2150E333-8FDC-42A3-9474-1A3956D46DE8}") = "1.web", "1.web", "{9A347066-1CEA-4FD6-BD7E-598A7FF21E6C}"
EndProject
Project("{9A19103F-16F7-4668-BE54-9A1E7A4F7556}") = "Destiny.Core.Flow.Dtos", "src\Destiny.Core.Flow.Dtos\Destiny.Core.Flow.Dtos.csproj", "{9DFDA589-61A2-46E6-ACB6-6C8D1B987F0D}"
EndProject
Project("{9A19103F-16F7-4668-BE54-9A1E7A4F7556}") = "Destiny.Core.Flow.Repository", "src\Destiny.Core.Flow.Repository\Destiny.Core.Flow.Repository.csproj", "{88F5FAB5-5125-43FE-A889-510B7D085F7D}"
EndProject
Project("{9A19103F-16F7-4668-BE54-9A1E7A4F7556}") = "Destiny.Core.Flow.FluentValidation", "src\Destiny.Core.Flow.FluentValidation\Destiny.Core.Flow.FluentValidation.csproj", "{C59766D4-9399-4048-81AD-67626B3CD87B}"
EndProject
Project("{2150E333-8FDC-42A3-9474-1A3956D46DE8}") = "Moduls", "Moduls", "{D49782B1-99E0-442F-98DD-6D30CD09F6BA}"
EndProject
Project("{2150E333-8FDC-42A3-9474-1A3956D46DE8}") = "Business", "Business", "{5D6E6ADE-8C66-4955-9DC6-C8610EDE9DE6}"
EndProject
Project("{2150E333-8FDC-42A3-9474-1A3956D46DE8}") = "Infrastructure", "Infrastructure", "{968F74F4-4D0A-4832-A7EA-5CB2BA08AF8A}"
EndProject
Project("{9A19103F-16F7-4668-BE54-9A1E7A4F7556}") = "Destiny.Core.Flow.CodeGenerator", "src\Destiny.Core.Flow.CodeGenerator\Destiny.Core.Flow.CodeGenerator.csproj", "{6DC5B2C0-756B-4BCC-8614-9C21D5671F8E}"
EndProject
Project("{9A19103F-16F7-4668-BE54-9A1E7A4F7556}") = "Destiny.Core.Flow.Aop", "src\Destiny.Core.Flow.Aop\Destiny.Core.Flow.Aop.csproj", "{41EBC4A1-09C2-4426-937B-441B0EF62767}"
EndProject
Project("{2150E333-8FDC-42A3-9474-1A3956D46DE8}") = "Solution Items", "Solution Items", "{5FF5E8E6-1CD3-4223-94DC-E5791332D9BB}"
	ProjectSection(SolutionItems) = preProject
		.editorconfig = .editorconfig
	EndProjectSection
EndProject
Project("{9A19103F-16F7-4668-BE54-9A1E7A4F7556}") = "Destiny.Core.Flow.MongoDB", "src\Destiny.Core.Flow.MongoDB\Destiny.Core.Flow.MongoDB.csproj", "{D8E15451-16A4-4769-9BFA-A38C6237715B}"
EndProject
Project("{9A19103F-16F7-4668-BE54-9A1E7A4F7556}") = "Destiny.Core.Flow.GateWay", "src\Destiny.Core.Flow.GateWay\Destiny.Core.Flow.GateWay.csproj", "{3DD6B93E-872B-4F11-B968-DDC88C0E0C3A}"
EndProject
Project("{9A19103F-16F7-4668-BE54-9A1E7A4F7556}") = "Destiny.Core.Flow.Caching", "src\Destiny.Core.Flow.Caching\Destiny.Core.Flow.Caching.csproj", "{951EDF2A-119D-407B-A8FB-13D4F757D6F4}"
EndProject
Project("{9A19103F-16F7-4668-BE54-9A1E7A4F7556}") = "Destiny.Core.Flow.Caching.CSRedis", "src\Destiny.Core.Flow.Caching.CSRedis\Destiny.Core.Flow.Caching.CSRedis.csproj", "{1B1CE807-2090-40B0-A6C5-326A9F6543C1}"
EndProject
Project("{9A19103F-16F7-4668-BE54-9A1E7A4F7556}") = "Destiny.Core.Flow.TestBase", "src\Destiny.Core.Flow.TestBase\Destiny.Core.Flow.TestBase.csproj", "{7D118558-7701-4804-A42D-C0C81FC394D6}"
EndProject
Project("{9A19103F-16F7-4668-BE54-9A1E7A4F7556}") = "Destiny.Core.Flow.Consul", "src\Destiny.Core.Flow.Consul\Destiny.Core.Flow.Consul.csproj", "{43BB4E0A-BAFF-41D1-85FC-AA894627A9DF}"
EndProject
Project("{9A19103F-16F7-4668-BE54-9A1E7A4F7556}") = "Destiny.Core.Flow.IdentityServer", "src\Destiny.Core.Flow.IdentityServer4\Destiny.Core.Flow.IdentityServer.csproj", "{501DC32B-2705-4713-A8C3-9C6842996707}"
EndProject
Project("{9A19103F-16F7-4668-BE54-9A1E7A4F7556}") = "Destiny.Core.Flow.IdentityServer.Entities", "src\Destiny.Core.Flow.IdentityServer.Entities\Destiny.Core.Flow.IdentityServer.Entities.csproj", "{F7C19E76-E205-4549-8A15-A95107213C64}"
EndProject
Project("{9A19103F-16F7-4668-BE54-9A1E7A4F7556}") = "Destiny.Core.Flow.AuthenticationCenter", "src\Destiny.Core.Flow.AuthenticationCenter\Destiny.Core.Flow.AuthenticationCenter.csproj", "{4D580BFD-1D8A-4A23-B152-5A6739F26C97}"
EndProject
Project("{FAE04EC0-301F-11D3-BF4B-00C04F79EFBC}") = "Destiny.Core.Flow.MiniProfiler", "src\Destiny.Core.Flow.MiniProfiler\Destiny.Core.Flow.MiniProfiler.csproj", "{BF84625C-82CB-4F84-A799-F21F81E563F1}"
EndProject
Global
	GlobalSection(SolutionConfigurationPlatforms) = preSolution
		Debug|Any CPU = Debug|Any CPU
		Release|Any CPU = Release|Any CPU
	EndGlobalSection
	GlobalSection(ProjectConfigurationPlatforms) = postSolution
		{FF447721-BFD6-40C6-AE23-D672EC225A00}.Debug|Any CPU.ActiveCfg = Debug|Any CPU
		{FF447721-BFD6-40C6-AE23-D672EC225A00}.Debug|Any CPU.Build.0 = Debug|Any CPU
		{FF447721-BFD6-40C6-AE23-D672EC225A00}.Release|Any CPU.ActiveCfg = Release|Any CPU
		{FF447721-BFD6-40C6-AE23-D672EC225A00}.Release|Any CPU.Build.0 = Release|Any CPU
		{0FDF7DC0-77FE-4529-8E8C-D17FF03D84A0}.Debug|Any CPU.ActiveCfg = Debug|Any CPU
		{0FDF7DC0-77FE-4529-8E8C-D17FF03D84A0}.Debug|Any CPU.Build.0 = Debug|Any CPU
		{0FDF7DC0-77FE-4529-8E8C-D17FF03D84A0}.Release|Any CPU.ActiveCfg = Release|Any CPU
		{0FDF7DC0-77FE-4529-8E8C-D17FF03D84A0}.Release|Any CPU.Build.0 = Release|Any CPU
		{89D24E5C-7C65-4150-AB7B-656809CC6011}.Debug|Any CPU.ActiveCfg = Debug|Any CPU
		{89D24E5C-7C65-4150-AB7B-656809CC6011}.Debug|Any CPU.Build.0 = Debug|Any CPU
		{89D24E5C-7C65-4150-AB7B-656809CC6011}.Release|Any CPU.ActiveCfg = Release|Any CPU
		{89D24E5C-7C65-4150-AB7B-656809CC6011}.Release|Any CPU.Build.0 = Release|Any CPU
		{3350DDC6-02D0-4986-9F13-17B8B94B9456}.Debug|Any CPU.ActiveCfg = Debug|Any CPU
		{3350DDC6-02D0-4986-9F13-17B8B94B9456}.Debug|Any CPU.Build.0 = Debug|Any CPU
		{3350DDC6-02D0-4986-9F13-17B8B94B9456}.Release|Any CPU.ActiveCfg = Release|Any CPU
		{3350DDC6-02D0-4986-9F13-17B8B94B9456}.Release|Any CPU.Build.0 = Release|Any CPU
		{49FF2838-ED54-48FF-A8C4-C0F91F1EB872}.Debug|Any CPU.ActiveCfg = Debug|Any CPU
		{49FF2838-ED54-48FF-A8C4-C0F91F1EB872}.Debug|Any CPU.Build.0 = Debug|Any CPU
		{49FF2838-ED54-48FF-A8C4-C0F91F1EB872}.Release|Any CPU.ActiveCfg = Release|Any CPU
		{49FF2838-ED54-48FF-A8C4-C0F91F1EB872}.Release|Any CPU.Build.0 = Release|Any CPU
		{DC68A647-D7C2-4321-BDC7-ED8F65CD6A5C}.Debug|Any CPU.ActiveCfg = Debug|Any CPU
		{DC68A647-D7C2-4321-BDC7-ED8F65CD6A5C}.Debug|Any CPU.Build.0 = Debug|Any CPU
		{DC68A647-D7C2-4321-BDC7-ED8F65CD6A5C}.Release|Any CPU.ActiveCfg = Release|Any CPU
		{DC68A647-D7C2-4321-BDC7-ED8F65CD6A5C}.Release|Any CPU.Build.0 = Release|Any CPU
		{1BEA2CF0-145B-4B0C-ABDC-A429E40E5890}.Debug|Any CPU.ActiveCfg = Debug|Any CPU
		{1BEA2CF0-145B-4B0C-ABDC-A429E40E5890}.Debug|Any CPU.Build.0 = Debug|Any CPU
		{1BEA2CF0-145B-4B0C-ABDC-A429E40E5890}.Release|Any CPU.ActiveCfg = Release|Any CPU
		{1BEA2CF0-145B-4B0C-ABDC-A429E40E5890}.Release|Any CPU.Build.0 = Release|Any CPU
		{57C6446B-F401-402D-9BAD-4CB9302AA344}.Debug|Any CPU.ActiveCfg = Debug|Any CPU
		{57C6446B-F401-402D-9BAD-4CB9302AA344}.Debug|Any CPU.Build.0 = Debug|Any CPU
		{57C6446B-F401-402D-9BAD-4CB9302AA344}.Release|Any CPU.ActiveCfg = Release|Any CPU
		{57C6446B-F401-402D-9BAD-4CB9302AA344}.Release|Any CPU.Build.0 = Release|Any CPU
		{41EB9B3E-C420-4EFD-86CB-6D292EDF7AEF}.Debug|Any CPU.ActiveCfg = Debug|Any CPU
		{41EB9B3E-C420-4EFD-86CB-6D292EDF7AEF}.Debug|Any CPU.Build.0 = Debug|Any CPU
		{41EB9B3E-C420-4EFD-86CB-6D292EDF7AEF}.Release|Any CPU.ActiveCfg = Release|Any CPU
		{41EB9B3E-C420-4EFD-86CB-6D292EDF7AEF}.Release|Any CPU.Build.0 = Release|Any CPU
		{6F852563-D024-40F5-93E4-4A84EF87EEA1}.Debug|Any CPU.ActiveCfg = Debug|Any CPU
		{6F852563-D024-40F5-93E4-4A84EF87EEA1}.Debug|Any CPU.Build.0 = Debug|Any CPU
		{6F852563-D024-40F5-93E4-4A84EF87EEA1}.Release|Any CPU.ActiveCfg = Release|Any CPU
		{6F852563-D024-40F5-93E4-4A84EF87EEA1}.Release|Any CPU.Build.0 = Release|Any CPU
		{2AE8D727-313D-40BE-87CB-5E39ABF33B7D}.Debug|Any CPU.ActiveCfg = Debug|Any CPU
		{2AE8D727-313D-40BE-87CB-5E39ABF33B7D}.Debug|Any CPU.Build.0 = Debug|Any CPU
		{2AE8D727-313D-40BE-87CB-5E39ABF33B7D}.Release|Any CPU.ActiveCfg = Release|Any CPU
		{2AE8D727-313D-40BE-87CB-5E39ABF33B7D}.Release|Any CPU.Build.0 = Release|Any CPU
		{40DA34CA-8A05-40E9-9542-596D6291D3A8}.Debug|Any CPU.ActiveCfg = Debug|Any CPU
		{40DA34CA-8A05-40E9-9542-596D6291D3A8}.Debug|Any CPU.Build.0 = Debug|Any CPU
		{40DA34CA-8A05-40E9-9542-596D6291D3A8}.Release|Any CPU.ActiveCfg = Release|Any CPU
		{40DA34CA-8A05-40E9-9542-596D6291D3A8}.Release|Any CPU.Build.0 = Release|Any CPU
		{009E18C9-38CE-4CE0-9EA0-D9A1AB38DE86}.Debug|Any CPU.ActiveCfg = Debug|Any CPU
		{009E18C9-38CE-4CE0-9EA0-D9A1AB38DE86}.Debug|Any CPU.Build.0 = Debug|Any CPU
		{009E18C9-38CE-4CE0-9EA0-D9A1AB38DE86}.Release|Any CPU.ActiveCfg = Release|Any CPU
		{009E18C9-38CE-4CE0-9EA0-D9A1AB38DE86}.Release|Any CPU.Build.0 = Release|Any CPU
		{9DFDA589-61A2-46E6-ACB6-6C8D1B987F0D}.Debug|Any CPU.ActiveCfg = Debug|Any CPU
		{9DFDA589-61A2-46E6-ACB6-6C8D1B987F0D}.Debug|Any CPU.Build.0 = Debug|Any CPU
		{9DFDA589-61A2-46E6-ACB6-6C8D1B987F0D}.Release|Any CPU.ActiveCfg = Release|Any CPU
		{9DFDA589-61A2-46E6-ACB6-6C8D1B987F0D}.Release|Any CPU.Build.0 = Release|Any CPU
		{88F5FAB5-5125-43FE-A889-510B7D085F7D}.Debug|Any CPU.ActiveCfg = Debug|Any CPU
		{88F5FAB5-5125-43FE-A889-510B7D085F7D}.Debug|Any CPU.Build.0 = Debug|Any CPU
		{88F5FAB5-5125-43FE-A889-510B7D085F7D}.Release|Any CPU.ActiveCfg = Release|Any CPU
		{88F5FAB5-5125-43FE-A889-510B7D085F7D}.Release|Any CPU.Build.0 = Release|Any CPU
		{C59766D4-9399-4048-81AD-67626B3CD87B}.Debug|Any CPU.ActiveCfg = Debug|Any CPU
		{C59766D4-9399-4048-81AD-67626B3CD87B}.Debug|Any CPU.Build.0 = Debug|Any CPU
		{C59766D4-9399-4048-81AD-67626B3CD87B}.Release|Any CPU.ActiveCfg = Release|Any CPU
		{C59766D4-9399-4048-81AD-67626B3CD87B}.Release|Any CPU.Build.0 = Release|Any CPU
		{6DC5B2C0-756B-4BCC-8614-9C21D5671F8E}.Debug|Any CPU.ActiveCfg = Debug|Any CPU
		{6DC5B2C0-756B-4BCC-8614-9C21D5671F8E}.Debug|Any CPU.Build.0 = Debug|Any CPU
		{6DC5B2C0-756B-4BCC-8614-9C21D5671F8E}.Release|Any CPU.ActiveCfg = Release|Any CPU
		{6DC5B2C0-756B-4BCC-8614-9C21D5671F8E}.Release|Any CPU.Build.0 = Release|Any CPU
		{41EBC4A1-09C2-4426-937B-441B0EF62767}.Debug|Any CPU.ActiveCfg = Debug|Any CPU
		{41EBC4A1-09C2-4426-937B-441B0EF62767}.Debug|Any CPU.Build.0 = Debug|Any CPU
		{41EBC4A1-09C2-4426-937B-441B0EF62767}.Release|Any CPU.ActiveCfg = Release|Any CPU
		{41EBC4A1-09C2-4426-937B-441B0EF62767}.Release|Any CPU.Build.0 = Release|Any CPU
		{D8E15451-16A4-4769-9BFA-A38C6237715B}.Debug|Any CPU.ActiveCfg = Debug|Any CPU
		{D8E15451-16A4-4769-9BFA-A38C6237715B}.Debug|Any CPU.Build.0 = Debug|Any CPU
		{D8E15451-16A4-4769-9BFA-A38C6237715B}.Release|Any CPU.ActiveCfg = Release|Any CPU
		{D8E15451-16A4-4769-9BFA-A38C6237715B}.Release|Any CPU.Build.0 = Release|Any CPU
		{3DD6B93E-872B-4F11-B968-DDC88C0E0C3A}.Debug|Any CPU.ActiveCfg = Debug|Any CPU
		{3DD6B93E-872B-4F11-B968-DDC88C0E0C3A}.Debug|Any CPU.Build.0 = Debug|Any CPU
		{3DD6B93E-872B-4F11-B968-DDC88C0E0C3A}.Release|Any CPU.ActiveCfg = Release|Any CPU
		{3DD6B93E-872B-4F11-B968-DDC88C0E0C3A}.Release|Any CPU.Build.0 = Release|Any CPU
		{951EDF2A-119D-407B-A8FB-13D4F757D6F4}.Debug|Any CPU.ActiveCfg = Debug|Any CPU
		{951EDF2A-119D-407B-A8FB-13D4F757D6F4}.Debug|Any CPU.Build.0 = Debug|Any CPU
		{951EDF2A-119D-407B-A8FB-13D4F757D6F4}.Release|Any CPU.ActiveCfg = Release|Any CPU
		{951EDF2A-119D-407B-A8FB-13D4F757D6F4}.Release|Any CPU.Build.0 = Release|Any CPU
		{1B1CE807-2090-40B0-A6C5-326A9F6543C1}.Debug|Any CPU.ActiveCfg = Debug|Any CPU
		{1B1CE807-2090-40B0-A6C5-326A9F6543C1}.Debug|Any CPU.Build.0 = Debug|Any CPU
		{1B1CE807-2090-40B0-A6C5-326A9F6543C1}.Release|Any CPU.ActiveCfg = Release|Any CPU
		{1B1CE807-2090-40B0-A6C5-326A9F6543C1}.Release|Any CPU.Build.0 = Release|Any CPU
		{7D118558-7701-4804-A42D-C0C81FC394D6}.Debug|Any CPU.ActiveCfg = Debug|Any CPU
		{7D118558-7701-4804-A42D-C0C81FC394D6}.Debug|Any CPU.Build.0 = Debug|Any CPU
		{7D118558-7701-4804-A42D-C0C81FC394D6}.Release|Any CPU.ActiveCfg = Release|Any CPU
		{7D118558-7701-4804-A42D-C0C81FC394D6}.Release|Any CPU.Build.0 = Release|Any CPU
		{43BB4E0A-BAFF-41D1-85FC-AA894627A9DF}.Debug|Any CPU.ActiveCfg = Debug|Any CPU
		{43BB4E0A-BAFF-41D1-85FC-AA894627A9DF}.Debug|Any CPU.Build.0 = Debug|Any CPU
		{43BB4E0A-BAFF-41D1-85FC-AA894627A9DF}.Release|Any CPU.ActiveCfg = Release|Any CPU
		{43BB4E0A-BAFF-41D1-85FC-AA894627A9DF}.Release|Any CPU.Build.0 = Release|Any CPU
		{501DC32B-2705-4713-A8C3-9C6842996707}.Debug|Any CPU.ActiveCfg = Debug|Any CPU
		{501DC32B-2705-4713-A8C3-9C6842996707}.Debug|Any CPU.Build.0 = Debug|Any CPU
		{501DC32B-2705-4713-A8C3-9C6842996707}.Release|Any CPU.ActiveCfg = Release|Any CPU
		{501DC32B-2705-4713-A8C3-9C6842996707}.Release|Any CPU.Build.0 = Release|Any CPU
		{F7C19E76-E205-4549-8A15-A95107213C64}.Debug|Any CPU.ActiveCfg = Debug|Any CPU
		{F7C19E76-E205-4549-8A15-A95107213C64}.Debug|Any CPU.Build.0 = Debug|Any CPU
		{F7C19E76-E205-4549-8A15-A95107213C64}.Release|Any CPU.ActiveCfg = Release|Any CPU
		{F7C19E76-E205-4549-8A15-A95107213C64}.Release|Any CPU.Build.0 = Release|Any CPU
		{4D580BFD-1D8A-4A23-B152-5A6739F26C97}.Debug|Any CPU.ActiveCfg = Debug|Any CPU
		{4D580BFD-1D8A-4A23-B152-5A6739F26C97}.Debug|Any CPU.Build.0 = Debug|Any CPU
		{4D580BFD-1D8A-4A23-B152-5A6739F26C97}.Release|Any CPU.ActiveCfg = Release|Any CPU
		{4D580BFD-1D8A-4A23-B152-5A6739F26C97}.Release|Any CPU.Build.0 = Release|Any CPU
		{BF84625C-82CB-4F84-A799-F21F81E563F1}.Debug|Any CPU.ActiveCfg = Debug|Any CPU
		{BF84625C-82CB-4F84-A799-F21F81E563F1}.Debug|Any CPU.Build.0 = Debug|Any CPU
		{BF84625C-82CB-4F84-A799-F21F81E563F1}.Release|Any CPU.ActiveCfg = Release|Any CPU
		{BF84625C-82CB-4F84-A799-F21F81E563F1}.Release|Any CPU.Build.0 = Release|Any CPU
	EndGlobalSection
	GlobalSection(SolutionProperties) = preSolution
		HideSolutionNode = FALSE
	EndGlobalSection
	GlobalSection(NestedProjects) = preSolution
		{FF447721-BFD6-40C6-AE23-D672EC225A00} = {9A347066-1CEA-4FD6-BD7E-598A7FF21E6C}
		{0FDF7DC0-77FE-4529-8E8C-D17FF03D84A0} = {5D6E6ADE-8C66-4955-9DC6-C8610EDE9DE6}
		{89D24E5C-7C65-4150-AB7B-656809CC6011} = {5D6E6ADE-8C66-4955-9DC6-C8610EDE9DE6}
		{3350DDC6-02D0-4986-9F13-17B8B94B9456} = {5D6E6ADE-8C66-4955-9DC6-C8610EDE9DE6}
		{49FF2838-ED54-48FF-A8C4-C0F91F1EB872} = {968F74F4-4D0A-4832-A7EA-5CB2BA08AF8A}
		{DC68A647-D7C2-4321-BDC7-ED8F65CD6A5C} = {D49782B1-99E0-442F-98DD-6D30CD09F6BA}
		{1BEA2CF0-145B-4B0C-ABDC-A429E40E5890} = {D49782B1-99E0-442F-98DD-6D30CD09F6BA}
		{57C6446B-F401-402D-9BAD-4CB9302AA344} = {B74CBBDD-8574-4768-AA9D-2144A77D4875}
		{41EB9B3E-C420-4EFD-86CB-6D292EDF7AEF} = {D49782B1-99E0-442F-98DD-6D30CD09F6BA}
		{6F852563-D024-40F5-93E4-4A84EF87EEA1} = {D49782B1-99E0-442F-98DD-6D30CD09F6BA}
		{2AE8D727-313D-40BE-87CB-5E39ABF33B7D} = {968F74F4-4D0A-4832-A7EA-5CB2BA08AF8A}
		{40DA34CA-8A05-40E9-9542-596D6291D3A8} = {968F74F4-4D0A-4832-A7EA-5CB2BA08AF8A}
		{009E18C9-38CE-4CE0-9EA0-D9A1AB38DE86} = {968F74F4-4D0A-4832-A7EA-5CB2BA08AF8A}
		{9A347066-1CEA-4FD6-BD7E-598A7FF21E6C} = {1249687C-582B-4A3E-8090-2AAF36AA3284}
		{9DFDA589-61A2-46E6-ACB6-6C8D1B987F0D} = {5D6E6ADE-8C66-4955-9DC6-C8610EDE9DE6}
		{88F5FAB5-5125-43FE-A889-510B7D085F7D} = {5D6E6ADE-8C66-4955-9DC6-C8610EDE9DE6}
		{C59766D4-9399-4048-81AD-67626B3CD87B} = {D49782B1-99E0-442F-98DD-6D30CD09F6BA}
		{D49782B1-99E0-442F-98DD-6D30CD09F6BA} = {1249687C-582B-4A3E-8090-2AAF36AA3284}
		{5D6E6ADE-8C66-4955-9DC6-C8610EDE9DE6} = {1249687C-582B-4A3E-8090-2AAF36AA3284}
		{968F74F4-4D0A-4832-A7EA-5CB2BA08AF8A} = {1249687C-582B-4A3E-8090-2AAF36AA3284}
		{6DC5B2C0-756B-4BCC-8614-9C21D5671F8E} = {968F74F4-4D0A-4832-A7EA-5CB2BA08AF8A}
		{41EBC4A1-09C2-4426-937B-441B0EF62767} = {D49782B1-99E0-442F-98DD-6D30CD09F6BA}
		{D8E15451-16A4-4769-9BFA-A38C6237715B} = {D49782B1-99E0-442F-98DD-6D30CD09F6BA}
		{3DD6B93E-872B-4F11-B968-DDC88C0E0C3A} = {9A347066-1CEA-4FD6-BD7E-598A7FF21E6C}
		{951EDF2A-119D-407B-A8FB-13D4F757D6F4} = {D49782B1-99E0-442F-98DD-6D30CD09F6BA}
		{1B1CE807-2090-40B0-A6C5-326A9F6543C1} = {D49782B1-99E0-442F-98DD-6D30CD09F6BA}
		{7D118558-7701-4804-A42D-C0C81FC394D6} = {D49782B1-99E0-442F-98DD-6D30CD09F6BA}
		{43BB4E0A-BAFF-41D1-85FC-AA894627A9DF} = {D49782B1-99E0-442F-98DD-6D30CD09F6BA}
		{501DC32B-2705-4713-A8C3-9C6842996707} = {968F74F4-4D0A-4832-A7EA-5CB2BA08AF8A}
		{F7C19E76-E205-4549-8A15-A95107213C64} = {968F74F4-4D0A-4832-A7EA-5CB2BA08AF8A}
		{4D580BFD-1D8A-4A23-B152-5A6739F26C97} = {9A347066-1CEA-4FD6-BD7E-598A7FF21E6C}
		{BF84625C-82CB-4F84-A799-F21F81E563F1} = {D49782B1-99E0-442F-98DD-6D30CD09F6BA}
	EndGlobalSection
	GlobalSection(ExtensibilityGlobals) = postSolution
		SolutionGuid = {468F450C-837F-4FCD-8E06-3E12690DDED6}
	EndGlobalSection
EndGlobal
